
Microsoft Visual Studio Solution File, Format Version 12.00
# Visual Studio Version 17
VisualStudioVersion = 17.4.33103.184
MinimumVisualStudioVersion = 10.0.40219.1
Project("{FAE04EC0-301F-11D3-BF4B-00C04F79EFBC}") = "ChatAppGraphQl", "ChatAppGraphQl\ChatAppGraphQl.csproj", "{D9CB59BF-45BD-47D8-BD4C-8303BAB8658E}"
EndProject
Global
	GlobalSection(SolutionConfigurationPlatforms) = preSolution
		Debug|Any CPU = Debug|Any CPU
		Release|Any CPU = Release|Any CPU
	EndGlobalSection
	GlobalSection(ProjectConfigurationPlatforms) = postSolution
		{D9CB59BF-45BD-47D8-BD4C-8303BAB8658E}.Debug|Any CPU.ActiveCfg = Debug|Any CPU
		{D9CB59BF-45BD-47D8-BD4C-8303BAB8658E}.Debug|Any CPU.Build.0 = Debug|Any CPU
		{D9CB59BF-45BD-47D8-BD4C-8303BAB8658E}.Release|Any CPU.ActiveCfg = Release|Any CPU
		{D9CB59BF-45BD-47D8-BD4C-8303BAB8658E}.Release|Any CPU.Build.0 = Release|Any CPU
	EndGlobalSection
	GlobalSection(SolutionProperties) = preSolution
		HideSolutionNode = FALSE
	EndGlobalSection
	GlobalSection(ExtensibilityGlobals) = postSolution
		SolutionGuid = {7663CDE0-25FC-416E-8695-FACCC172C10B}
	EndGlobalSection
EndGlobal
